
Microsoft Visual Studio Solution File, Format Version 12.00
# Visual Studio Version 16
VisualStudioVersion = 16.0.31205.134
MinimumVisualStudioVersion = 10.0.40219.1
Project("{9A19103F-16F7-4668-BE54-9A1E7A4F7556}") = "OnlineExamination", "OnlineExamination\OnlineExamination.csproj", "{972F00F2-0137-445D-877D-1D1C17D1488E}"
EndProject
Global
	GlobalSection(SolutionConfigurationPlatforms) = preSolution
		Debug|Any CPU = Debug|Any CPU
		Release|Any CPU = Release|Any CPU
	EndGlobalSection
	GlobalSection(ProjectConfigurationPlatforms) = postSolution
		{972F00F2-0137-445D-877D-1D1C17D1488E}.Debug|Any CPU.ActiveCfg = Debug|Any CPU
		{972F00F2-0137-445D-877D-1D1C17D1488E}.Debug|Any CPU.Build.0 = Debug|Any CPU
		{972F00F2-0137-445D-877D-1D1C17D1488E}.Release|Any CPU.ActiveCfg = Release|Any CPU
		{972F00F2-0137-445D-877D-1D1C17D1488E}.Release|Any CPU.Build.0 = Release|Any CPU
	EndGlobalSection
	GlobalSection(SolutionProperties) = preSolution
		HideSolutionNode = FALSE
	EndGlobalSection
	GlobalSection(ExtensibilityGlobals) = postSolution
		SolutionGuid = {CE7BC6A8-98B4-4548-BA9B-34735E72AA18}
	EndGlobalSection
EndGlobal
